
Microsoft Visual Studio Solution File, Format Version 12.00
# Visual Studio Version 16
VisualStudioVersion = 16.0.30309.148
MinimumVisualStudioVersion = 10.0.40219.1
Project("{FAE04EC0-301F-11D3-BF4B-00C04F79EFBC}") = "AngularTest", "AngularTest.csproj", "{9D287A19-515F-4D35-B008-C2B556F53509}"
EndProject
Global
	GlobalSection(SolutionConfigurationPlatforms) = preSolution
		Debug|Any CPU = Debug|Any CPU
		Release|Any CPU = Release|Any CPU
	EndGlobalSection
	GlobalSection(ProjectConfigurationPlatforms) = postSolution
		{9D287A19-515F-4D35-B008-C2B556F53509}.Debug|Any CPU.ActiveCfg = Debug|Any CPU
		{9D287A19-515F-4D35-B008-C2B556F53509}.Debug|Any CPU.Build.0 = Debug|Any CPU
		{9D287A19-515F-4D35-B008-C2B556F53509}.Release|Any CPU.ActiveCfg = Release|Any CPU
		{9D287A19-515F-4D35-B008-C2B556F53509}.Release|Any CPU.Build.0 = Release|Any CPU
	EndGlobalSection
	GlobalSection(SolutionProperties) = preSolution
		HideSolutionNode = FALSE
	EndGlobalSection
	GlobalSection(ExtensibilityGlobals) = postSolution
		SolutionGuid = {886FEF76-C10D-4086-8570-C771BE473877}
	EndGlobalSection
EndGlobal
