
Microsoft Visual Studio Solution File, Format Version 12.00
# Visual Studio Version 16
VisualStudioVersion = 16.0.29409.12
MinimumVisualStudioVersion = 10.0.40219.1
Project("{FAE04EC0-301F-11D3-BF4B-00C04F79EFBC}") = "ShipsOnWayToPier", "ShipsOnWayToPier.csproj", "{959680DE-79E6-4B2F-9126-94F2DA2CA8CE}"
EndProject
Global
	GlobalSection(SolutionConfigurationPlatforms) = preSolution
		Debug|Any CPU = Debug|Any CPU
		Release|Any CPU = Release|Any CPU
	EndGlobalSection
	GlobalSection(ProjectConfigurationPlatforms) = postSolution
		{959680DE-79E6-4B2F-9126-94F2DA2CA8CE}.Debug|Any CPU.ActiveCfg = Debug|Any CPU
		{959680DE-79E6-4B2F-9126-94F2DA2CA8CE}.Debug|Any CPU.Build.0 = Debug|Any CPU
		{959680DE-79E6-4B2F-9126-94F2DA2CA8CE}.Release|Any CPU.ActiveCfg = Release|Any CPU
		{959680DE-79E6-4B2F-9126-94F2DA2CA8CE}.Release|Any CPU.Build.0 = Release|Any CPU
	EndGlobalSection
	GlobalSection(SolutionProperties) = preSolution
		HideSolutionNode = FALSE
	EndGlobalSection
	GlobalSection(ExtensibilityGlobals) = postSolution
		SolutionGuid = {798B1DFD-A9F8-4387-A478-C2B281D2E7C6}
	EndGlobalSection
EndGlobal
